
Microsoft Visual Studio Solution File, Format Version 12.00
# Visual Studio Version 17
VisualStudioVersion = 17.10.35013.160
MinimumVisualStudioVersion = 10.0.40219.1
Project("{FAE04EC0-301F-11D3-BF4B-00C04F79EFBC}") = "SequentialStructure1", "SequentialStructure1.csproj", "{B739062D-6631-442D-952D-0EF06B9EBFED}"
EndProject
Global
	GlobalSection(SolutionConfigurationPlatforms) = preSolution
		Debug|Any CPU = Debug|Any CPU
		Release|Any CPU = Release|Any CPU
	EndGlobalSection
	GlobalSection(ProjectConfigurationPlatforms) = postSolution
		{B739062D-6631-442D-952D-0EF06B9EBFED}.Debug|Any CPU.ActiveCfg = Debug|Any CPU
		{B739062D-6631-442D-952D-0EF06B9EBFED}.Debug|Any CPU.Build.0 = Debug|Any CPU
		{B739062D-6631-442D-952D-0EF06B9EBFED}.Release|Any CPU.ActiveCfg = Release|Any CPU
		{B739062D-6631-442D-952D-0EF06B9EBFED}.Release|Any CPU.Build.0 = Release|Any CPU
	EndGlobalSection
	GlobalSection(SolutionProperties) = preSolution
		HideSolutionNode = FALSE
	EndGlobalSection
	GlobalSection(ExtensibilityGlobals) = postSolution
		SolutionGuid = {86DAEB20-BD83-4CE0-8764-164D78E48E6E}
	EndGlobalSection
EndGlobal
