
Microsoft Visual Studio Solution File, Format Version 12.00
# Visual Studio Version 17
VisualStudioVersion = 17.10.35013.160
MinimumVisualStudioVersion = 10.0.40219.1
Project("{FAE04EC0-301F-11D3-BF4B-00C04F79EFBC}") = "InputData", "InputData.csproj", "{2CA1C05E-C24C-4A52-9D0B-B7AF959C7F9F}"
EndProject
Global
	GlobalSection(SolutionConfigurationPlatforms) = preSolution
		Debug|Any CPU = Debug|Any CPU
		Release|Any CPU = Release|Any CPU
	EndGlobalSection
	GlobalSection(ProjectConfigurationPlatforms) = postSolution
		{2CA1C05E-C24C-4A52-9D0B-B7AF959C7F9F}.Debug|Any CPU.ActiveCfg = Debug|Any CPU
		{2CA1C05E-C24C-4A52-9D0B-B7AF959C7F9F}.Debug|Any CPU.Build.0 = Debug|Any CPU
		{2CA1C05E-C24C-4A52-9D0B-B7AF959C7F9F}.Release|Any CPU.ActiveCfg = Release|Any CPU
		{2CA1C05E-C24C-4A52-9D0B-B7AF959C7F9F}.Release|Any CPU.Build.0 = Release|Any CPU
	EndGlobalSection
	GlobalSection(SolutionProperties) = preSolution
		HideSolutionNode = FALSE
	EndGlobalSection
	GlobalSection(ExtensibilityGlobals) = postSolution
		SolutionGuid = {5BDF9C2C-5168-4BB5-AA9B-B1B79D208BE8}
	EndGlobalSection
EndGlobal
