
Microsoft Visual Studio Solution File, Format Version 12.00
# Visual Studio Version 17
VisualStudioVersion = 17.10.35013.160
MinimumVisualStudioVersion = 10.0.40219.1
Project("{FAE04EC0-301F-11D3-BF4B-00C04F79EFBC}") = "ListExercise1", "ListExercise1.csproj", "{A9D0C247-FF3C-404D-961D-81DF22CF92D0}"
EndProject
Global
	GlobalSection(SolutionConfigurationPlatforms) = preSolution
		Debug|Any CPU = Debug|Any CPU
		Release|Any CPU = Release|Any CPU
	EndGlobalSection
	GlobalSection(ProjectConfigurationPlatforms) = postSolution
		{A9D0C247-FF3C-404D-961D-81DF22CF92D0}.Debug|Any CPU.ActiveCfg = Debug|Any CPU
		{A9D0C247-FF3C-404D-961D-81DF22CF92D0}.Debug|Any CPU.Build.0 = Debug|Any CPU
		{A9D0C247-FF3C-404D-961D-81DF22CF92D0}.Release|Any CPU.ActiveCfg = Release|Any CPU
		{A9D0C247-FF3C-404D-961D-81DF22CF92D0}.Release|Any CPU.Build.0 = Release|Any CPU
	EndGlobalSection
	GlobalSection(SolutionProperties) = preSolution
		HideSolutionNode = FALSE
	EndGlobalSection
	GlobalSection(ExtensibilityGlobals) = postSolution
		SolutionGuid = {60135226-2A57-417E-8191-A9B1DF593B29}
	EndGlobalSection
EndGlobal
