
Microsoft Visual Studio Solution File, Format Version 12.00
# Visual Studio Version 17
VisualStudioVersion = 17.10.35013.160
MinimumVisualStudioVersion = 10.0.40219.1
Project("{FAE04EC0-301F-11D3-BF4B-00C04F79EFBC}") = "ConditionalStructure5", "ConditionalStructure5.csproj", "{661343F7-AA79-4375-83E2-A340A8B4FEF2}"
EndProject
Global
	GlobalSection(SolutionConfigurationPlatforms) = preSolution
		Debug|Any CPU = Debug|Any CPU
		Release|Any CPU = Release|Any CPU
	EndGlobalSection
	GlobalSection(ProjectConfigurationPlatforms) = postSolution
		{661343F7-AA79-4375-83E2-A340A8B4FEF2}.Debug|Any CPU.ActiveCfg = Debug|Any CPU
		{661343F7-AA79-4375-83E2-A340A8B4FEF2}.Debug|Any CPU.Build.0 = Debug|Any CPU
		{661343F7-AA79-4375-83E2-A340A8B4FEF2}.Release|Any CPU.ActiveCfg = Release|Any CPU
		{661343F7-AA79-4375-83E2-A340A8B4FEF2}.Release|Any CPU.Build.0 = Release|Any CPU
	EndGlobalSection
	GlobalSection(SolutionProperties) = preSolution
		HideSolutionNode = FALSE
	EndGlobalSection
	GlobalSection(ExtensibilityGlobals) = postSolution
		SolutionGuid = {C61304B7-D578-4C81-8748-F0CECF634BE0}
	EndGlobalSection
EndGlobal
