
Microsoft Visual Studio Solution File, Format Version 12.00
# Visual Studio Version 17
VisualStudioVersion = 17.10.35013.160
MinimumVisualStudioVersion = 10.0.40219.1
Project("{FAE04EC0-301F-11D3-BF4B-00C04F79EFBC}") = "ExerciseOOP2", "ExerciseOOP2.csproj", "{471032AA-584A-4970-8421-F11064AD44A2}"
EndProject
Global
	GlobalSection(SolutionConfigurationPlatforms) = preSolution
		Debug|Any CPU = Debug|Any CPU
		Release|Any CPU = Release|Any CPU
	EndGlobalSection
	GlobalSection(ProjectConfigurationPlatforms) = postSolution
		{471032AA-584A-4970-8421-F11064AD44A2}.Debug|Any CPU.ActiveCfg = Debug|Any CPU
		{471032AA-584A-4970-8421-F11064AD44A2}.Debug|Any CPU.Build.0 = Debug|Any CPU
		{471032AA-584A-4970-8421-F11064AD44A2}.Release|Any CPU.ActiveCfg = Release|Any CPU
		{471032AA-584A-4970-8421-F11064AD44A2}.Release|Any CPU.Build.0 = Release|Any CPU
	EndGlobalSection
	GlobalSection(SolutionProperties) = preSolution
		HideSolutionNode = FALSE
	EndGlobalSection
	GlobalSection(ExtensibilityGlobals) = postSolution
		SolutionGuid = {23C4BA31-04E3-4EC2-A5FC-637F5541F2AC}
	EndGlobalSection
EndGlobal
