
Microsoft Visual Studio Solution File, Format Version 12.00
# Visual Studio Version 17
VisualStudioVersion = 17.10.35013.160
MinimumVisualStudioVersion = 10.0.40219.1
Project("{9A19103F-16F7-4668-BE54-9A1E7A4F7556}") = "FightChallenge", "FightChallenge.csproj", "{9870619B-B122-448E-A180-62723698AB16}"
EndProject
Global
	GlobalSection(SolutionConfigurationPlatforms) = preSolution
		Debug|Any CPU = Debug|Any CPU
		Release|Any CPU = Release|Any CPU
	EndGlobalSection
	GlobalSection(ProjectConfigurationPlatforms) = postSolution
		{9870619B-B122-448E-A180-62723698AB16}.Debug|Any CPU.ActiveCfg = Debug|Any CPU
		{9870619B-B122-448E-A180-62723698AB16}.Debug|Any CPU.Build.0 = Debug|Any CPU
		{9870619B-B122-448E-A180-62723698AB16}.Release|Any CPU.ActiveCfg = Release|Any CPU
		{9870619B-B122-448E-A180-62723698AB16}.Release|Any CPU.Build.0 = Release|Any CPU
	EndGlobalSection
	GlobalSection(SolutionProperties) = preSolution
		HideSolutionNode = FALSE
	EndGlobalSection
	GlobalSection(ExtensibilityGlobals) = postSolution
		SolutionGuid = {069F81C3-6C05-468D-9BF3-0F492C50C2CB}
	EndGlobalSection
EndGlobal
