
Microsoft Visual Studio Solution File, Format Version 12.00
# Visual Studio Version 17
VisualStudioVersion = 17.10.35013.160
MinimumVisualStudioVersion = 10.0.40219.1
Project("{FAE04EC0-301F-11D3-BF4B-00C04F79EFBC}") = "ExerciseOOP1", "ExerciseOOP1.csproj", "{388F904E-70C5-4027-B2C8-ABB39CE86D83}"
EndProject
Global
	GlobalSection(SolutionConfigurationPlatforms) = preSolution
		Debug|Any CPU = Debug|Any CPU
		Release|Any CPU = Release|Any CPU
	EndGlobalSection
	GlobalSection(ProjectConfigurationPlatforms) = postSolution
		{388F904E-70C5-4027-B2C8-ABB39CE86D83}.Debug|Any CPU.ActiveCfg = Debug|Any CPU
		{388F904E-70C5-4027-B2C8-ABB39CE86D83}.Debug|Any CPU.Build.0 = Debug|Any CPU
		{388F904E-70C5-4027-B2C8-ABB39CE86D83}.Release|Any CPU.ActiveCfg = Release|Any CPU
		{388F904E-70C5-4027-B2C8-ABB39CE86D83}.Release|Any CPU.Build.0 = Release|Any CPU
	EndGlobalSection
	GlobalSection(SolutionProperties) = preSolution
		HideSolutionNode = FALSE
	EndGlobalSection
	GlobalSection(ExtensibilityGlobals) = postSolution
		SolutionGuid = {75290496-44F3-4EDE-8399-47CAD46B6DA4}
	EndGlobalSection
EndGlobal
