
Microsoft Visual Studio Solution File, Format Version 12.00
# Visual Studio Version 17
VisualStudioVersion = 17.10.35013.160
MinimumVisualStudioVersion = 10.0.40219.1
Project("{FAE04EC0-301F-11D3-BF4B-00C04F79EFBC}") = "StaticMemberExercise1", "StaticMemberExercise1.csproj", "{337B67A5-1A3D-46C9-B387-D5C0605656B0}"
EndProject
Global
	GlobalSection(SolutionConfigurationPlatforms) = preSolution
		Debug|Any CPU = Debug|Any CPU
		Release|Any CPU = Release|Any CPU
	EndGlobalSection
	GlobalSection(ProjectConfigurationPlatforms) = postSolution
		{337B67A5-1A3D-46C9-B387-D5C0605656B0}.Debug|Any CPU.ActiveCfg = Debug|Any CPU
		{337B67A5-1A3D-46C9-B387-D5C0605656B0}.Debug|Any CPU.Build.0 = Debug|Any CPU
		{337B67A5-1A3D-46C9-B387-D5C0605656B0}.Release|Any CPU.ActiveCfg = Release|Any CPU
		{337B67A5-1A3D-46C9-B387-D5C0605656B0}.Release|Any CPU.Build.0 = Release|Any CPU
	EndGlobalSection
	GlobalSection(SolutionProperties) = preSolution
		HideSolutionNode = FALSE
	EndGlobalSection
	GlobalSection(ExtensibilityGlobals) = postSolution
		SolutionGuid = {B04DFA38-2408-468C-BAB0-486E32D53072}
	EndGlobalSection
EndGlobal
