
Microsoft Visual Studio Solution File, Format Version 12.00
# Visual Studio Version 17
VisualStudioVersion = 17.10.35013.160
MinimumVisualStudioVersion = 10.0.40219.1
Project("{FAE04EC0-301F-11D3-BF4B-00C04F79EFBC}") = "EnumCompositionExercise1", "EnumCompositionExercise1.csproj", "{05A98466-78BF-450E-8D2C-BA25D41AB144}"
EndProject
Global
	GlobalSection(SolutionConfigurationPlatforms) = preSolution
		Debug|Any CPU = Debug|Any CPU
		Release|Any CPU = Release|Any CPU
	EndGlobalSection
	GlobalSection(ProjectConfigurationPlatforms) = postSolution
		{05A98466-78BF-450E-8D2C-BA25D41AB144}.Debug|Any CPU.ActiveCfg = Debug|Any CPU
		{05A98466-78BF-450E-8D2C-BA25D41AB144}.Debug|Any CPU.Build.0 = Debug|Any CPU
		{05A98466-78BF-450E-8D2C-BA25D41AB144}.Release|Any CPU.ActiveCfg = Release|Any CPU
		{05A98466-78BF-450E-8D2C-BA25D41AB144}.Release|Any CPU.Build.0 = Release|Any CPU
	EndGlobalSection
	GlobalSection(SolutionProperties) = preSolution
		HideSolutionNode = FALSE
	EndGlobalSection
	GlobalSection(ExtensibilityGlobals) = postSolution
		SolutionGuid = {9D249D50-7401-4223-AB87-63D04F2BC9F8}
	EndGlobalSection
EndGlobal
