
Microsoft Visual Studio Solution File, Format Version 12.00
# Visual Studio Version 17
VisualStudioVersion = 17.10.35013.160
MinimumVisualStudioVersion = 10.0.40219.1
Project("{FAE04EC0-301F-11D3-BF4B-00C04F79EFBC}") = "ForStructure6", "ForStructure6.csproj", "{D93C980B-2678-49B6-9BE4-B175F528020E}"
EndProject
Global
	GlobalSection(SolutionConfigurationPlatforms) = preSolution
		Debug|Any CPU = Debug|Any CPU
		Release|Any CPU = Release|Any CPU
	EndGlobalSection
	GlobalSection(ProjectConfigurationPlatforms) = postSolution
		{D93C980B-2678-49B6-9BE4-B175F528020E}.Debug|Any CPU.ActiveCfg = Debug|Any CPU
		{D93C980B-2678-49B6-9BE4-B175F528020E}.Debug|Any CPU.Build.0 = Debug|Any CPU
		{D93C980B-2678-49B6-9BE4-B175F528020E}.Release|Any CPU.ActiveCfg = Release|Any CPU
		{D93C980B-2678-49B6-9BE4-B175F528020E}.Release|Any CPU.Build.0 = Release|Any CPU
	EndGlobalSection
	GlobalSection(SolutionProperties) = preSolution
		HideSolutionNode = FALSE
	EndGlobalSection
	GlobalSection(ExtensibilityGlobals) = postSolution
		SolutionGuid = {0BC23781-B137-42A4-8008-2B37233E3F46}
	EndGlobalSection
EndGlobal
