
Microsoft Visual Studio Solution File, Format Version 12.00
# Visual Studio Version 17
VisualStudioVersion = 17.10.35013.160
MinimumVisualStudioVersion = 10.0.40219.1
Project("{FAE04EC0-301F-11D3-BF4B-00C04F79EFBC}") = "MatrixExercise1", "MatrixExercise1.csproj", "{D8501151-08C4-47D1-9166-38B7DD0B1DB5}"
EndProject
Global
	GlobalSection(SolutionConfigurationPlatforms) = preSolution
		Debug|Any CPU = Debug|Any CPU
		Release|Any CPU = Release|Any CPU
	EndGlobalSection
	GlobalSection(ProjectConfigurationPlatforms) = postSolution
		{D8501151-08C4-47D1-9166-38B7DD0B1DB5}.Debug|Any CPU.ActiveCfg = Debug|Any CPU
		{D8501151-08C4-47D1-9166-38B7DD0B1DB5}.Debug|Any CPU.Build.0 = Debug|Any CPU
		{D8501151-08C4-47D1-9166-38B7DD0B1DB5}.Release|Any CPU.ActiveCfg = Release|Any CPU
		{D8501151-08C4-47D1-9166-38B7DD0B1DB5}.Release|Any CPU.Build.0 = Release|Any CPU
	EndGlobalSection
	GlobalSection(SolutionProperties) = preSolution
		HideSolutionNode = FALSE
	EndGlobalSection
	GlobalSection(ExtensibilityGlobals) = postSolution
		SolutionGuid = {335779C5-D982-4D57-A435-F36F79ECCCC6}
	EndGlobalSection
EndGlobal
