
Microsoft Visual Studio Solution File, Format Version 12.00
# Visual Studio Version 17
VisualStudioVersion = 17.10.35013.160
MinimumVisualStudioVersion = 10.0.40219.1
Project("{FAE04EC0-301F-11D3-BF4B-00C04F79EFBC}") = "ClassExercise1", "ClassExercise1.csproj", "{6335DCF6-16C1-47A8-9071-12EBF55486F7}"
EndProject
Global
	GlobalSection(SolutionConfigurationPlatforms) = preSolution
		Debug|Any CPU = Debug|Any CPU
		Release|Any CPU = Release|Any CPU
	EndGlobalSection
	GlobalSection(ProjectConfigurationPlatforms) = postSolution
		{6335DCF6-16C1-47A8-9071-12EBF55486F7}.Debug|Any CPU.ActiveCfg = Debug|Any CPU
		{6335DCF6-16C1-47A8-9071-12EBF55486F7}.Debug|Any CPU.Build.0 = Debug|Any CPU
		{6335DCF6-16C1-47A8-9071-12EBF55486F7}.Release|Any CPU.ActiveCfg = Release|Any CPU
		{6335DCF6-16C1-47A8-9071-12EBF55486F7}.Release|Any CPU.Build.0 = Release|Any CPU
	EndGlobalSection
	GlobalSection(SolutionProperties) = preSolution
		HideSolutionNode = FALSE
	EndGlobalSection
	GlobalSection(ExtensibilityGlobals) = postSolution
		SolutionGuid = {B21902C4-F890-4541-AD9E-0A6140ADAA6B}
	EndGlobalSection
EndGlobal
